
Microsoft Visual Studio Solution File, Format Version 12.00
# Visual Studio Version 17
VisualStudioVersion = 17.0.31919.166
MinimumVisualStudioVersion = 10.0.40219.1
Project("{9A19103F-16F7-4668-BE54-9A1E7A4F7556}") = "JWT.WebApi.Web", "JWT_WebApi\JWT.WebApi.Web.csproj", "{1B5596C8-C55D-45A8-B741-035ABEF0B46C}"
EndProject
Project("{9A19103F-16F7-4668-BE54-9A1E7A4F7556}") = "JWT.WebApi.Model", "JWT_WebApi.Model\JWT.WebApi.Model.csproj", "{03E8BFD9-114A-4E64-A7BF-7FFA09FD5067}"
EndProject
Project("{9A19103F-16F7-4668-BE54-9A1E7A4F7556}") = "JWT.WebApi.Business", "JWT_WebApi.Business\JWT.WebApi.Business.csproj", "{051C8808-68F2-4929-875C-0D16C3500F1D}"
EndProject
Project("{FAE04EC0-301F-11D3-BF4B-00C04F79EFBC}") = "JWT.WebApi.Data", "JWT.WebApi.Data\JWT.WebApi.Data.csproj", "{BD23F0CB-C7B3-44AA-B984-2E31DFE5502D}"
EndProject
Global
	GlobalSection(SolutionConfigurationPlatforms) = preSolution
		Debug|Any CPU = Debug|Any CPU
		Release|Any CPU = Release|Any CPU
	EndGlobalSection
	GlobalSection(ProjectConfigurationPlatforms) = postSolution
		{1B5596C8-C55D-45A8-B741-035ABEF0B46C}.Debug|Any CPU.ActiveCfg = Debug|Any CPU
		{1B5596C8-C55D-45A8-B741-035ABEF0B46C}.Debug|Any CPU.Build.0 = Debug|Any CPU
		{1B5596C8-C55D-45A8-B741-035ABEF0B46C}.Release|Any CPU.ActiveCfg = Release|Any CPU
		{1B5596C8-C55D-45A8-B741-035ABEF0B46C}.Release|Any CPU.Build.0 = Release|Any CPU
		{03E8BFD9-114A-4E64-A7BF-7FFA09FD5067}.Debug|Any CPU.ActiveCfg = Debug|Any CPU
		{03E8BFD9-114A-4E64-A7BF-7FFA09FD5067}.Debug|Any CPU.Build.0 = Debug|Any CPU
		{03E8BFD9-114A-4E64-A7BF-7FFA09FD5067}.Release|Any CPU.ActiveCfg = Release|Any CPU
		{03E8BFD9-114A-4E64-A7BF-7FFA09FD5067}.Release|Any CPU.Build.0 = Release|Any CPU
		{051C8808-68F2-4929-875C-0D16C3500F1D}.Debug|Any CPU.ActiveCfg = Debug|Any CPU
		{051C8808-68F2-4929-875C-0D16C3500F1D}.Debug|Any CPU.Build.0 = Debug|Any CPU
		{051C8808-68F2-4929-875C-0D16C3500F1D}.Release|Any CPU.ActiveCfg = Release|Any CPU
		{051C8808-68F2-4929-875C-0D16C3500F1D}.Release|Any CPU.Build.0 = Release|Any CPU
		{BD23F0CB-C7B3-44AA-B984-2E31DFE5502D}.Debug|Any CPU.ActiveCfg = Debug|Any CPU
		{BD23F0CB-C7B3-44AA-B984-2E31DFE5502D}.Debug|Any CPU.Build.0 = Debug|Any CPU
		{BD23F0CB-C7B3-44AA-B984-2E31DFE5502D}.Release|Any CPU.ActiveCfg = Release|Any CPU
		{BD23F0CB-C7B3-44AA-B984-2E31DFE5502D}.Release|Any CPU.Build.0 = Release|Any CPU
	EndGlobalSection
	GlobalSection(SolutionProperties) = preSolution
		HideSolutionNode = FALSE
	EndGlobalSection
	GlobalSection(ExtensibilityGlobals) = postSolution
		SolutionGuid = {A73BD7F9-E0B8-42B7-8491-6A41FBC87A3E}
	EndGlobalSection
EndGlobal
